<?xml version="1.0" encoding="utf-8"?>
<Project ToolsVersion="4.0" xmlns="http://schemas.microsoft.com/developer/msbuild/2003">
  <ItemGroup>
    <Filter Include="Source Files">
      <UniqueIdentifier>{4FC737F1-C7A5-4376-A066-2A32D752A2FF}</UniqueIdentifier>
      <Extensions>cpp;c;cc;cxx;def;odl;idl;hpj;bat;asm;asmx</Extensions>
    </Filter>
    <Filter Include="Header Files">
      <UniqueIdentifier>{93995380-89BD-4b04-88EB-625FBE52EBFB}</UniqueIdentifier>
      <Extensions>h;hh;hpp;hxx;hm;inl;inc;ipp;xsd</Extensions>
    </Filter>
    <Filter Include="Resource Files">
      <UniqueIdentifier>{67DA6AB6-F800-4c08-8B7A-83BB121AAD01}</UniqueIdentifier>
      <Extensions>rc;ico;cur;bmp;dlg;rc2;rct;bin;rgs;gif;jpg;jpeg;jpe;resx;tiff;tif;png;wav;mfcribbon-ms</Extensions>
    </Filter>
    <Filter Include="Header Files\MathTypes">
      <UniqueIdentifier>{6a7201bf-4d22-4442-9db6-da087b70ce0f}</UniqueIdentifier>
    </Filter>
    <Filter Include="Source Files\MathTypes">
      <UniqueIdentifier>{cca556ef-245e-4e82-88bb-a4b7fea9809b}</UniqueIdentifier>
    </Filter>
    <Filter Include="Header Files\Mesh">
      <UniqueIdentifier>{feda3223-588e-4fc8-b276-851b5636e981}</UniqueIdentifier>
    </Filter>
    <Filter Include="Source Files\Mesh">
      <UniqueIdentifier>{cfb62c14-94d0-428b-9c49-aed6b8cebebc}</UniqueIdentifier>
    </Filter>
    <Filter Include="ThirdPaty">
      <UniqueIdentifier>{48904ff0-e903-4494-9155-5b2486499d38}</UniqueIdentifier>
    </Filter>
  </ItemGroup>
  <ItemGroup>
    <ClCompile Include="PositionOptimizer.cpp">
      <Filter>Source Files</Filter>
    </ClCompile>
    <ClCompile Include="Mesh\Mesh.cpp">
      <Filter>Source Files\Mesh</Filter>
    </ClCompile>
    <ClCompile Include="ThirdPaty\STLImport.cpp">
      <Filter>ThirdPaty</Filter>
    </ClCompile>
    <ClCompile Include="SkirtBuilder.cpp">
      <Filter>Source Files</Filter>
    </ClCompile>
    <ClCompile Include="Skirt_Win.cpp">
      <Filter>Source Files</Filter>
    </ClCompile>
  </ItemGroup>
  <ItemGroup>
    <ClInclude Include="PositionOptimizer.h">
      <Filter>Header Files</Filter>
    </ClInclude>
    <ClInclude Include="Skirt.h">
      <Filter>Header Files</Filter>
    </ClInclude>
    <ClInclude Include="MathTypes\TransMat.h">
      <Filter>Header Files\MathTypes</Filter>
    </ClInclude>
    <ClInclude Include="MathTypes\Vector.h">
      <Filter>Header Files\MathTypes</Filter>
    </ClInclude>
    <ClInclude Include="Mesh\Mesh.h">
      <Filter>Header Files\Mesh</Filter>
    </ClInclude>
    <ClInclude Include="ThirdPaty\STLImport.h">
      <Filter>ThirdPaty</Filter>
    </ClInclude>
    <ClInclude Include="SkirtBuilder.h">
      <Filter>Header Files</Filter>
    </ClInclude>
  </ItemGroup>
</Project>